github.com/abiiranathan/goflag v0.1.2 h1:UvrF5WXaoYBZIGNasNqT4Rmszvrn96PtA+OwetkqJvA=
github.com/abiiranathan/goflag v0.1.2/go.mod h1:u7rLPeENKf4zOcwOvYs2/1f9uzU/11Ilmn6XtM0kaUw=
github.com/abiiranathan/walkman v0.0.4 h1:kF8OIk4QSXQ48avcCkNmvC/VYO787S09P6Yi8F2WEwo=
github.com/abiiranathan/walkman v0.0.4/go.mod h1:1RKKxWjpke+NwPHFnahvzEblUwMlXVZ1AepDQEL2nuE=
github.com/google/uuid v1.6.0 h1:NIvaJDMOsjHA8n1jAhLSgzrAzy1Hgr+hNrb57e+94F0=
github.com/google/uuid v1.6.0/go.mod h1:TIyPZe4MgqvfeYDBFedMoGGpEw/LqOeaOT+nhxU+yHo=
